
Microsoft Visual Studio Solution File, Format Version 12.00
# Visual Studio Version 16
VisualStudioVersion = 16.0.30320.27
MinimumVisualStudioVersion = 10.0.40219.1
Project("{9A19103F-16F7-4668-BE54-9A1E7A4F7556}") = "SolutionRunner", "SolutionRunner.csproj", "{91196348-76DF-485B-8F3C-E7A67B73F9FF}"
EndProject
Project("{9A19103F-16F7-4668-BE54-9A1E7A4F7556}") = "Solution", "..\Solution\Solution.csproj", "{5E8CF56C-4D21-4434-8893-9CFE056463F1}"
EndProject
Global
	GlobalSection(SolutionConfigurationPlatforms) = preSolution
		Debug|Any CPU = Debug|Any CPU
		Release|Any CPU = Release|Any CPU
	EndGlobalSection
	GlobalSection(ProjectConfigurationPlatforms) = postSolution
		{91196348-76DF-485B-8F3C-E7A67B73F9FF}.Debug|Any CPU.ActiveCfg = Debug|Any CPU
		{91196348-76DF-485B-8F3C-E7A67B73F9FF}.Debug|Any CPU.Build.0 = Debug|Any CPU
		{91196348-76DF-485B-8F3C-E7A67B73F9FF}.Release|Any CPU.ActiveCfg = Release|Any CPU
		{91196348-76DF-485B-8F3C-E7A67B73F9FF}.Release|Any CPU.Build.0 = Release|Any CPU
		{5E8CF56C-4D21-4434-8893-9CFE056463F1}.Debug|Any CPU.ActiveCfg = Debug|Any CPU
		{5E8CF56C-4D21-4434-8893-9CFE056463F1}.Debug|Any CPU.Build.0 = Debug|Any CPU
		{5E8CF56C-4D21-4434-8893-9CFE056463F1}.Release|Any CPU.ActiveCfg = Release|Any CPU
		{5E8CF56C-4D21-4434-8893-9CFE056463F1}.Release|Any CPU.Build.0 = Release|Any CPU
	EndGlobalSection
	GlobalSection(SolutionProperties) = preSolution
		HideSolutionNode = FALSE
	EndGlobalSection
	GlobalSection(ExtensibilityGlobals) = postSolution
		SolutionGuid = {17544C80-0B14-438F-89EF-FF6D47ED24D4}
	EndGlobalSection
EndGlobal
